
Microsoft Visual Studio Solution File, Format Version 12.00
# Visual Studio Version 17
VisualStudioVersion = 17.13.35825.156 d17.13
MinimumVisualStudioVersion = 10.0.40219.1
Project("{FAE04EC0-301F-11D3-BF4B-00C04F79EFBC}") = "Story Prompt Generator", "Story Prompt Generator.csproj", "{7E2360D2-1041-46CD-BBA3-E7ADC83E2800}"
EndProject
Global
	GlobalSection(SolutionConfigurationPlatforms) = preSolution
		Debug|Any CPU = Debug|Any CPU
		Release|Any CPU = Release|Any CPU
	EndGlobalSection
	GlobalSection(ProjectConfigurationPlatforms) = postSolution
		{7E2360D2-1041-46CD-BBA3-E7ADC83E2800}.Debug|Any CPU.ActiveCfg = Debug|Any CPU
		{7E2360D2-1041-46CD-BBA3-E7ADC83E2800}.Debug|Any CPU.Build.0 = Debug|Any CPU
		{7E2360D2-1041-46CD-BBA3-E7ADC83E2800}.Release|Any CPU.ActiveCfg = Release|Any CPU
		{7E2360D2-1041-46CD-BBA3-E7ADC83E2800}.Release|Any CPU.Build.0 = Release|Any CPU
	EndGlobalSection
	GlobalSection(SolutionProperties) = preSolution
		HideSolutionNode = FALSE
	EndGlobalSection
	GlobalSection(ExtensibilityGlobals) = postSolution
		SolutionGuid = {37B07ECB-07B9-4F6B-A890-ABB88FE2361C}
	EndGlobalSection
EndGlobal
